
Microsoft Visual Studio Solution File, Format Version 12.00
# Visual Studio Version 17
VisualStudioVersion = 17.11.35312.102
MinimumVisualStudioVersion = 10.0.40219.1
Project("{9A19103F-16F7-4668-BE54-9A1E7A4F7556}") = "Timelogger.Api", "Timelogger.Api\Timelogger.Api.csproj", "{586001F3-4417-4AFF-BB35-FA09226B7107}"
EndProject
Project("{9A19103F-16F7-4668-BE54-9A1E7A4F7556}") = "Timelogger", "Timelogger\Timelogger.csproj", "{9B0E1AAC-9A93-43AA-BDB6-39A40D60E29A}"
EndProject
Project("{FAE04EC0-301F-11D3-BF4B-00C04F79EFBC}") = "Timelogger.BusinessLogic", "Timelogger.BusinessLogic\Timelogger.BusinessLogic.csproj", "{9FD90937-7F15-48AF-B71D-EAC55433F004}"
EndProject
Project("{FAE04EC0-301F-11D3-BF4B-00C04F79EFBC}") = "Timelogger.DTO", "Timelogger.DTO\Timelogger.DTO.csproj", "{FCD723E5-3DE0-4407-BAD5-53C25B24091F}"
EndProject
Global
	GlobalSection(SolutionConfigurationPlatforms) = preSolution
		Debug|Any CPU = Debug|Any CPU
		Release|Any CPU = Release|Any CPU
	EndGlobalSection
	GlobalSection(ProjectConfigurationPlatforms) = postSolution
		{586001F3-4417-4AFF-BB35-FA09226B7107}.Debug|Any CPU.ActiveCfg = Debug|Any CPU
		{586001F3-4417-4AFF-BB35-FA09226B7107}.Debug|Any CPU.Build.0 = Debug|Any CPU
		{586001F3-4417-4AFF-BB35-FA09226B7107}.Release|Any CPU.ActiveCfg = Release|Any CPU
		{586001F3-4417-4AFF-BB35-FA09226B7107}.Release|Any CPU.Build.0 = Release|Any CPU
		{9B0E1AAC-9A93-43AA-BDB6-39A40D60E29A}.Debug|Any CPU.ActiveCfg = Debug|Any CPU
		{9B0E1AAC-9A93-43AA-BDB6-39A40D60E29A}.Debug|Any CPU.Build.0 = Debug|Any CPU
		{9B0E1AAC-9A93-43AA-BDB6-39A40D60E29A}.Release|Any CPU.ActiveCfg = Release|Any CPU
		{9B0E1AAC-9A93-43AA-BDB6-39A40D60E29A}.Release|Any CPU.Build.0 = Release|Any CPU
		{9FD90937-7F15-48AF-B71D-EAC55433F004}.Debug|Any CPU.ActiveCfg = Debug|Any CPU
		{9FD90937-7F15-48AF-B71D-EAC55433F004}.Debug|Any CPU.Build.0 = Debug|Any CPU
		{9FD90937-7F15-48AF-B71D-EAC55433F004}.Release|Any CPU.ActiveCfg = Release|Any CPU
		{9FD90937-7F15-48AF-B71D-EAC55433F004}.Release|Any CPU.Build.0 = Release|Any CPU
		{FCD723E5-3DE0-4407-BAD5-53C25B24091F}.Debug|Any CPU.ActiveCfg = Debug|Any CPU
		{FCD723E5-3DE0-4407-BAD5-53C25B24091F}.Debug|Any CPU.Build.0 = Debug|Any CPU
		{FCD723E5-3DE0-4407-BAD5-53C25B24091F}.Release|Any CPU.ActiveCfg = Release|Any CPU
		{FCD723E5-3DE0-4407-BAD5-53C25B24091F}.Release|Any CPU.Build.0 = Release|Any CPU
	EndGlobalSection
	GlobalSection(SolutionProperties) = preSolution
		HideSolutionNode = FALSE
	EndGlobalSection
	GlobalSection(ExtensibilityGlobals) = postSolution
		SolutionGuid = {E9D554C2-8D1C-4114-B81C-F413E8319C9B}
	EndGlobalSection
EndGlobal
